hash: 21621818785615e3d0798f3dec9edbf60da7f4e5c19c86af52c8bcc6f2f3891c
updated: 2016-06-02T14:23:24.530708211-07:00
imports:
- name: github.com/alecthomas/template
  version: a0175ee3bccc567396460bf5acd36800cb10c49c
  subpackages:
  - parse
- name: github.com/alecthomas/units
  version: 2efee857e7cfd4f3d0138cc3cbb1b4966962b93a
- name: github.com/fatih/color
  version: 533cd7fd8a85905f67a1753afb4deddc85ea174f
- name: github.com/mattn/go-colorable
  version: 9cbef7c35391cca05f15f8181dc0b18bc9736dbb
  repo: https://github.com/mattn/go-colorable
- name: github.com/mattn/go-isatty
  version: 56b76bdf51f7708750eac80fa38b952bb9f32639
  repo: https://github.com/mattn/go-isatty
- name: golang.org/x/crypto
  version: 5bcd134fee4dd1475da17714aac19c0aa0142e2f
  subpackages:
  - pkcs12
  - pkcs12/internal/rc2
- name: golang.org/x/sys
  version: 076b546753157f758b316e59bcb51e6807c04057
  subpackages:
  - unix
- name: gopkg.in/alecthomas/kingpin.v2
  version: 8cccfa8eb2e3183254457fb1749b2667fbc364c7
devImports: []
